Microsoft Visual Studio Solution File, Format Version 12.00
# Visual Studio Version 17
VisualStudioVersion = 17.0.31912.275
MinimumVisualStudioVersion = 10.0.40219.1
Project("{9A19103F-16F7-4668-BE54-9A1E7A4F7556}") = "jxshell.dotnet4", "src\jxshell.dotnet4\jxshell.dotnet4.csproj", "{0C9CE768-B4AE-4A20-9918-64C9732EFD26}"
EndProject
Project("{9A19103F-16F7-4668-BE54-9A1E7A4F7556}") = "jxshell.base", "src\jxshell.base\jxshell.base.csproj", "{609D2E56-CA67-45F2-9BD5-2636BE8BD17A}"
EndProject
Project("{9A19103F-16F7-4668-BE54-9A1E7A4F7556}") = "jxshell.register", "src\jxshell.register\jxshell.register.csproj", "{9BE4744A-C415-41A6-B634-33E1D9C2DB75}"
EndProject
Project("{2150E333-8FDC-42A3-9474-1A3956D46DE8}") = "tests", "tests", "{642F362E-D4C8-4039-98D7-9A56C14296E3}"
EndProject
Project("{2150E333-8FDC-42A3-9474-1A3956D46DE8}") = "src", "src", "{D0B0F983-2057-4452-B3B9-327D14F63C7F}"
EndProject
Project("{9A19103F-16F7-4668-BE54-9A1E7A4F7556}") = "jxshell.tests", "tests\jxshell.tests\jxshell.tests.csproj", "{C066A725-8887-4EAB-8AB0-4D6E4D323220}"
EndProject
Global
	GlobalSection(SolutionConfigurationPlatforms) = preSolution
		Debug|Any CPU = Debug|Any CPU
		Release|Any CPU = Release|Any CPU
	EndGlobalSection
	GlobalSection(ProjectConfigurationPlatforms) = postSolution
		{0C9CE768-B4AE-4A20-9918-64C9732EFD26}.Debug|Any CPU.ActiveCfg = Debug|Any CPU
		{0C9CE768-B4AE-4A20-9918-64C9732EFD26}.Debug|Any CPU.Build.0 = Debug|Any CPU
		{0C9CE768-B4AE-4A20-9918-64C9732EFD26}.Release|Any CPU.ActiveCfg = Release|Any CPU
		{0C9CE768-B4AE-4A20-9918-64C9732EFD26}.Release|Any CPU.Build.0 = Release|Any CPU
		{609D2E56-CA67-45F2-9BD5-2636BE8BD17A}.Debug|Any CPU.ActiveCfg = Debug|Any CPU
		{609D2E56-CA67-45F2-9BD5-2636BE8BD17A}.Debug|Any CPU.Build.0 = Debug|Any CPU
		{609D2E56-CA67-45F2-9BD5-2636BE8BD17A}.Release|Any CPU.ActiveCfg = Release|Any CPU
		{609D2E56-CA67-45F2-9BD5-2636BE8BD17A}.Release|Any CPU.Build.0 = Release|Any CPU
		{9BE4744A-C415-41A6-B634-33E1D9C2DB75}.Debug|Any CPU.ActiveCfg = Debug|Any CPU
		{9BE4744A-C415-41A6-B634-33E1D9C2DB75}.Debug|Any CPU.Build.0 = Debug|Any CPU
		{9BE4744A-C415-41A6-B634-33E1D9C2DB75}.Release|Any CPU.ActiveCfg = Release|Any CPU
		{9BE4744A-C415-41A6-B634-33E1D9C2DB75}.Release|Any CPU.Build.0 = Release|Any CPU
		{C066A725-8887-4EAB-8AB0-4D6E4D323220}.Debug|Any CPU.ActiveCfg = Debug|Any CPU
		{C066A725-8887-4EAB-8AB0-4D6E4D323220}.Debug|Any CPU.Build.0 = Debug|Any CPU
		{C066A725-8887-4EAB-8AB0-4D6E4D323220}.Release|Any CPU.ActiveCfg = Release|Any CPU
		{C066A725-8887-4EAB-8AB0-4D6E4D323220}.Release|Any CPU.Build.0 = Release|Any CPU
	EndGlobalSection
	GlobalSection(SolutionProperties) = preSolution
		HideSolutionNode = FALSE
	EndGlobalSection
	GlobalSection(NestedProjects) = preSolution
		{0C9CE768-B4AE-4A20-9918-64C9732EFD26} = {D0B0F983-2057-4452-B3B9-327D14F63C7F}
		{609D2E56-CA67-45F2-9BD5-2636BE8BD17A} = {D0B0F983-2057-4452-B3B9-327D14F63C7F}
		{9BE4744A-C415-41A6-B634-33E1D9C2DB75} = {D0B0F983-2057-4452-B3B9-327D14F63C7F}
		{C066A725-8887-4EAB-8AB0-4D6E4D323220} = {642F362E-D4C8-4039-98D7-9A56C14296E3}
	EndGlobalSection
	GlobalSection(ExtensibilityGlobals) = postSolution
		SolutionGuid = {2303BAD2-2C1C-4329-A6A0-BD69D9C40801}
	EndGlobalSection
EndGlobal
